
Microsoft Visual Studio Solution File, Format Version 12.00
# Visual Studio Version 16
VisualStudioVersion = 16.0.29613.14
MinimumVisualStudioVersion = 10.0.40219.1
Project("{8BC9CEB8-8B4A-11D0-8D11-00A0C91BC942}") = "SW_13229", "SW_13229\SW_13229.vcxproj", "{76FCFA6E-03CF-4B6A-9172-3CE20F0B1622}"
EndProject
Global
	GlobalSection(SolutionConfigurationPlatforms) = preSolution
		Debug|x64 = Debug|x64
		Debug|x86 = Debug|x86
		Release|x64 = Release|x64
		Release|x86 = Release|x86
	EndGlobalSection
	GlobalSection(ProjectConfigurationPlatforms) = postSolution
		{76FCFA6E-03CF-4B6A-9172-3CE20F0B1622}.Debug|x64.ActiveCfg = Debug|x64
		{76FCFA6E-03CF-4B6A-9172-3CE20F0B1622}.Debug|x64.Build.0 = Debug|x64
		{76FCFA6E-03CF-4B6A-9172-3CE20F0B1622}.Debug|x86.ActiveCfg = Debug|Win32
		{76FCFA6E-03CF-4B6A-9172-3CE20F0B1622}.Debug|x86.Build.0 = Debug|Win32
		{76FCFA6E-03CF-4B6A-9172-3CE20F0B1622}.Release|x64.ActiveCfg = Release|x64
		{76FCFA6E-03CF-4B6A-9172-3CE20F0B1622}.Release|x64.Build.0 = Release|x64
		{76FCFA6E-03CF-4B6A-9172-3CE20F0B1622}.Release|x86.ActiveCfg = Release|Win32
		{76FCFA6E-03CF-4B6A-9172-3CE20F0B1622}.Release|x86.Build.0 = Release|Win32
	EndGlobalSection
	GlobalSection(SolutionProperties) = preSolution
		HideSolutionNode = FALSE
	EndGlobalSection
	GlobalSection(ExtensibilityGlobals) = postSolution
		SolutionGuid = {11E12E17-55D7-4350-ADF1-1CF09E8A6B70}
	EndGlobalSection
EndGlobal
